hash: 3cc4936e9d1356bdcac02f9f328d18e3bc4e301ebe751bc016439a4f885a17d9
updated: 2017-12-18T15:40:55.211794+01:00
imports:
- name: github.com/alecthomas/unsafeslice
  version: 763102eafe597ba6cc5c6e847006e3e9851c2786
- name: github.com/remerge/chd
  version: 7267bc1765fd9ce87258fef35137caf0b24b7e68
- name: github.com/remerge/mph
  version: fd3217a8c1ccfe29b1a42f3091f6d61a642012f9
testImports:
- name: github.com/gopherjs/gopherjs
  version: 444abdf920945de5d4a977b572bcc6c674d1e4eb
  subpackages:
  - js
- name: github.com/jtolds/gls
  version: 77f18212c9c7edc9bd6a33d383a7b545ce62f064
- name: github.com/smartystreets/assertions
  version: 0b37b35ec7434b77e77a4bb29b79677cced992ea
  subpackages:
  - internal/go-render/render
  - internal/oglematchers
- name: github.com/smartystreets/goconvey
  version: e5b2b7c9111590d019a696c7800593f666e1a7f4
  subpackages:
  - convey
  - convey/gotest
  - convey/reporting
