hash: f71e02629fc2150c79406b05ed4a8f2310325ddf05901513b9bdeded7841994e
updated: 2017-06-27T19:05:33.702049884Z
imports:
- name: github.com/alecthomas/unsafeslice
  version: 763102eafe597ba6cc5c6e847006e3e9851c2786
- name: github.com/remerge/mph
  version: fd3217a8c1ccfe29b1a42f3091f6d61a642012f9
testImports:
- name: github.com/gopherjs/gopherjs
  version: dc374d32704510cb387457180ca9d5193978b555
  subpackages:
  - js
- name: github.com/jtolds/gls
  version: 77f18212c9c7edc9bd6a33d383a7b545ce62f064
- name: github.com/smartystreets/assertions
  version: 4ea54c1f28ad3ae597e76607dea3871fa177e263
  subpackages:
  - internal/go-render/render
  - internal/oglematchers
- name: github.com/smartystreets/goconvey
  version: 9e8dc3f972df6c8fcc0375ef492c24d0bb204857
  subpackages:
  - convey
  - convey/gotest
  - convey/reporting
